
Microsoft Visual Studio Solution File, Format Version 12.00
# Visual Studio Version 16
VisualStudioVersion = 16.0.29905.134
MinimumVisualStudioVersion = 10.0.40219.1
Project("{8BC9CEB8-8B4A-11D0-8D11-00A0C91BC942}") = "kFormat-ToString", "kFormat-ToString\kFormat-ToString.vcxproj", "{090273A1-08C8-42EE-852B-167B0D16D76D}"
EndProject
Global
	GlobalSection(SolutionConfigurationPlatforms) = preSolution
		Debug|x64 = Debug|x64
		Debug|x86 = Debug|x86
		Release|x64 = Release|x64
		Release|x86 = Release|x86
	EndGlobalSection
	GlobalSection(ProjectConfigurationPlatforms) = postSolution
		{090273A1-08C8-42EE-852B-167B0D16D76D}.Debug|x64.ActiveCfg = Debug|x64
		{090273A1-08C8-42EE-852B-167B0D16D76D}.Debug|x64.Build.0 = Debug|x64
		{090273A1-08C8-42EE-852B-167B0D16D76D}.Debug|x86.ActiveCfg = Debug|Win32
		{090273A1-08C8-42EE-852B-167B0D16D76D}.Debug|x86.Build.0 = Debug|Win32
		{090273A1-08C8-42EE-852B-167B0D16D76D}.Release|x64.ActiveCfg = Release|x64
		{090273A1-08C8-42EE-852B-167B0D16D76D}.Release|x64.Build.0 = Release|x64
		{090273A1-08C8-42EE-852B-167B0D16D76D}.Release|x86.ActiveCfg = Release|Win32
		{090273A1-08C8-42EE-852B-167B0D16D76D}.Release|x86.Build.0 = Release|Win32
	EndGlobalSection
	GlobalSection(SolutionProperties) = preSolution
		HideSolutionNode = FALSE
	EndGlobalSection
	GlobalSection(ExtensibilityGlobals) = postSolution
		SolutionGuid = {8F37A609-34F7-4634-B27F-3BABC3B47839}
	EndGlobalSection
EndGlobal
