<?xml version="1.0" encoding="utf-8"?>
<Project ToolsVersion="4.0" xmlns="http://schemas.microsoft.com/developer/msbuild/2003">
  <ItemGroup>
    <Filter Include="Stringify">
      <UniqueIdentifier>{A42AA708-1095-5B7F-59D3-0C25C57C39D4}</UniqueIdentifier>
    </Filter>
  </ItemGroup>
  <ItemGroup>
    <ClInclude Include="Source Code\Macros.hpp" />
    <ClInclude Include="Source Code\StringConverter.hpp" />
    <ClInclude Include="Source Code\StringTypeTraits.hpp" />
    <ClInclude Include="Source Code\Stringify\StringifyBool.hpp">
      <Filter>Stringify</Filter>
    </ClInclude>
    <ClInclude Include="Source Code\Stringify\StringifyFloatingPoint.hpp">
      <Filter>Stringify</Filter>
    </ClInclude>
    <ClInclude Include="Source Code\Stringify\StringifyHelper.hpp">
      <Filter>Stringify</Filter>
    </ClInclude>
    <ClInclude Include="Source Code\Stringify\StringifyInteger.hpp">
      <Filter>Stringify</Filter>
    </ClInclude>
    <ClInclude Include="Source Code\Stringify\StringifyPointer.hpp">
      <Filter>Stringify</Filter>
    </ClInclude>
    <ClInclude Include="Source Code\ToString.hpp" />
    <ClInclude Include="Source Code\kStringManipulation.hpp" />
    <ClInclude Include="Source Code\kStringTypes.hpp" />
  </ItemGroup>
  <ItemGroup>
    <ClCompile Include="Source Code\main.cpp" />
  </ItemGroup>
</Project>